
Microsoft Visual Studio Solution File, Format Version 12.00
# Visual Studio Version 16
VisualStudioVersion = 16.0.30717.126
MinimumVisualStudioVersion = 10.0.40219.1
Project("{FAE04EC0-301F-11D3-BF4B-00C04F79EFBC}") = "FiltersDemo_CoreMVC", "FiltersDemo_CoreMVC\FiltersDemo_CoreMVC.csproj", "{C37BB81A-DE51-411C-B0A3-A201A9EC32A7}"
EndProject
Global
	GlobalSection(SolutionConfigurationPlatforms) = preSolution
		Debug|Any CPU = Debug|Any CPU
		Release|Any CPU = Release|Any CPU
	EndGlobalSection
	GlobalSection(ProjectConfigurationPlatforms) = postSolution
		{C37BB81A-DE51-411C-B0A3-A201A9EC32A7}.Debug|Any CPU.ActiveCfg = Debug|Any CPU
		{C37BB81A-DE51-411C-B0A3-A201A9EC32A7}.Debug|Any CPU.Build.0 = Debug|Any CPU
		{C37BB81A-DE51-411C-B0A3-A201A9EC32A7}.Release|Any CPU.ActiveCfg = Release|Any CPU
		{C37BB81A-DE51-411C-B0A3-A201A9EC32A7}.Release|Any CPU.Build.0 = Release|Any CPU
	EndGlobalSection
	GlobalSection(SolutionProperties) = preSolution
		HideSolutionNode = FALSE
	EndGlobalSection
	GlobalSection(ExtensibilityGlobals) = postSolution
		SolutionGuid = {1CBCB85D-B6FE-46F7-8A4B-1D8C6ADA83C8}
	EndGlobalSection
EndGlobal
